<?xml version="1.0" encoding="UTF-8" standalone="yes" ?>
<CodeBlocks_project_file>
	<FileVersion major="1" minor="6" />
	<Project>
		<Option title="pacman" />
		<Option pch_mode="2" />
		<Option compiler="gcc" />
		<Build>
			<Target title="Debug">
				<Option output="bin/Debug/pacman" prefix_auto="1" extension_auto="1" />
				<Option object_output="obj/Debug/" />
				<Option type="1" />
				<Option compiler="gcc" />
				<Compiler>
					<Add option="-g" />
				</Compiler>
			</Target>
			<Target title="Release">
				<Option output="bin/Release/pacman" prefix_auto="1" extension_auto="1" />
				<Option object_output="obj/Release/" />
				<Option type="1" />
				<Option compiler="gcc" />
				<Compiler>
					<Add option="-O2" />
				</Compiler>
				<Linker>
					<Add option="-s" />
				</Linker>
			</Target>
		</Build>
		<Compiler>
			<Add option="-Wall" />
			<Add option="-fexceptions" />
		</Compiler>
		<Unit filename="Astar.cpp" />
		<Unit filename="Astar.h" />
		<Unit filename="BFS.cpp" />
		<Unit filename="BFS.h" />
		<Unit filename="agent.cpp" />
		<Unit filename="agent.h" />
		<Unit filename="constants.cpp" />
		<Unit filename="constants.h" />
		<Unit filename="input.txt" />
		<Unit filename="main.cpp" />
		<Unit filename="monsteragent.cpp" />
		<Unit filename="monsteragent.h" />
		<Unit filename="moveList.txt" />
		<Unit filename="moves.txt" />
		<Unit filename="output.txt" />
		<Unit filename="pacmanagent.cpp" />
		<Unit filename="pacmanagent.h" />
		<Unit filename="trainedParameters.txt" />
		<Unit filename="training1.txt" />
		<Unit filename="training2.txt" />
		<Unit filename="trainingFiles/training1.txt" />
		<Unit filename="trainingFiles/training10.txt" />
		<Unit filename="trainingFiles/training11.txt" />
		<Unit filename="trainingFiles/training12.txt" />
		<Unit filename="trainingFiles/training13.txt" />
		<Unit filename="trainingFiles/training14.txt" />
		<Unit filename="trainingFiles/training15.txt" />
		<Unit filename="trainingFiles/training16.txt" />
		<Unit filename="trainingFiles/training17.txt" />
		<Unit filename="trainingFiles/training18.txt" />
		<Unit filename="trainingFiles/training19.txt" />
		<Unit filename="trainingFiles/training2.txt" />
		<Unit filename="trainingFiles/training20.txt" />
		<Unit filename="trainingFiles/training21.txt" />
		<Unit filename="trainingFiles/training22.txt" />
		<Unit filename="trainingFiles/training23.txt" />
		<Unit filename="trainingFiles/training24.txt" />
		<Unit filename="trainingFiles/training25.txt" />
		<Unit filename="trainingFiles/training26.txt" />
		<Unit filename="trainingFiles/training27.txt" />
		<Unit filename="trainingFiles/training28.txt" />
		<Unit filename="trainingFiles/training29.txt" />
		<Unit filename="trainingFiles/training3.txt" />
		<Unit filename="trainingFiles/training30.txt" />
		<Unit filename="trainingFiles/training31.txt" />
		<Unit filename="trainingFiles/training32.txt" />
		<Unit filename="trainingFiles/training33.txt" />
		<Unit filename="trainingFiles/training34.txt" />
		<Unit filename="trainingFiles/training35.txt" />
		<Unit filename="trainingFiles/training36.txt" />
		<Unit filename="trainingFiles/training37.txt" />
		<Unit filename="trainingFiles/training38.txt" />
		<Unit filename="trainingFiles/training39.txt" />
		<Unit filename="trainingFiles/training4.txt" />
		<Unit filename="trainingFiles/training40.txt" />
		<Unit filename="trainingFiles/training41.txt" />
		<Unit filename="trainingFiles/training42.txt" />
		<Unit filename="trainingFiles/training43.txt" />
		<Unit filename="trainingFiles/training44.txt" />
		<Unit filename="trainingFiles/training45.txt" />
		<Unit filename="trainingFiles/training46.txt" />
		<Unit filename="trainingFiles/training47.txt" />
		<Unit filename="trainingFiles/training48.txt" />
		<Unit filename="trainingFiles/training49.txt" />
		<Unit filename="trainingFiles/training5.txt" />
		<Unit filename="trainingFiles/training50.txt" />
		<Unit filename="trainingFiles/training6.txt" />
		<Unit filename="trainingFiles/training7.txt" />
		<Unit filename="trainingFiles/training8.txt" />
		<Unit filename="trainingFiles/training9.txt" />
		<Unit filename="validatingFiles/validating1.txt" />
		<Unit filename="validatingFiles/validating10.txt" />
		<Unit filename="validatingFiles/validating100.txt" />
		<Unit filename="validatingFiles/validating101.txt" />
		<Unit filename="validatingFiles/validating102.txt" />
		<Unit filename="validatingFiles/validating103.txt" />
		<Unit filename="validatingFiles/validating104.txt" />
		<Unit filename="validatingFiles/validating105.txt" />
		<Unit filename="validatingFiles/validating106.txt" />
		<Unit filename="validatingFiles/validating107.txt" />
		<Unit filename="validatingFiles/validating108.txt" />
		<Unit filename="validatingFiles/validating109.txt" />
		<Unit filename="validatingFiles/validating11.txt" />
		<Unit filename="validatingFiles/validating110.txt" />
		<Unit filename="validatingFiles/validating111.txt" />
		<Unit filename="validatingFiles/validating112.txt" />
		<Unit filename="validatingFiles/validating113.txt" />
		<Unit filename="validatingFiles/validating114.txt" />
		<Unit filename="validatingFiles/validating115.txt" />
		<Unit filename="validatingFiles/validating116.txt" />
		<Unit filename="validatingFiles/validating117.txt" />
		<Unit filename="validatingFiles/validating118.txt" />
		<Unit filename="validatingFiles/validating119.txt" />
		<Unit filename="validatingFiles/validating12.txt" />
		<Unit filename="validatingFiles/validating120.txt" />
		<Unit filename="validatingFiles/validating121.txt" />
		<Unit filename="validatingFiles/validating122.txt" />
		<Unit filename="validatingFiles/validating123.txt" />
		<Unit filename="validatingFiles/validating124.txt" />
		<Unit filename="validatingFiles/validating125.txt" />
		<Unit filename="validatingFiles/validating126.txt" />
		<Unit filename="validatingFiles/validating127.txt" />
		<Unit filename="validatingFiles/validating128.txt" />
		<Unit filename="validatingFiles/validating129.txt" />
		<Unit filename="validatingFiles/validating13.txt" />
		<Unit filename="validatingFiles/validating130.txt" />
		<Unit filename="validatingFiles/validating131.txt" />
		<Unit filename="validatingFiles/validating132.txt" />
		<Unit filename="validatingFiles/validating133.txt" />
		<Unit filename="validatingFiles/validating134.txt" />
		<Unit filename="validatingFiles/validating135.txt" />
		<Unit filename="validatingFiles/validating136.txt" />
		<Unit filename="validatingFiles/validating137.txt" />
		<Unit filename="validatingFiles/validating138.txt" />
		<Unit filename="validatingFiles/validating139.txt" />
		<Unit filename="validatingFiles/validating14.txt" />
		<Unit filename="validatingFiles/validating140.txt" />
		<Unit filename="validatingFiles/validating141.txt" />
		<Unit filename="validatingFiles/validating142.txt" />
		<Unit filename="validatingFiles/validating143.txt" />
		<Unit filename="validatingFiles/validating144.txt" />
		<Unit filename="validatingFiles/validating145.txt" />
		<Unit filename="validatingFiles/validating146.txt" />
		<Unit filename="validatingFiles/validating147.txt" />
		<Unit filename="validatingFiles/validating148.txt" />
		<Unit filename="validatingFiles/validating149.txt" />
		<Unit filename="validatingFiles/validating15.txt" />
		<Unit filename="validatingFiles/validating150.txt" />
		<Unit filename="validatingFiles/validating16.txt" />
		<Unit filename="validatingFiles/validating17.txt" />
		<Unit filename="validatingFiles/validating18.txt" />
		<Unit filename="validatingFiles/validating19.txt" />
		<Unit filename="validatingFiles/validating2.txt" />
		<Unit filename="validatingFiles/validating20.txt" />
		<Unit filename="validatingFiles/validating21.txt" />
		<Unit filename="validatingFiles/validating22.txt" />
		<Unit filename="validatingFiles/validating23.txt" />
		<Unit filename="validatingFiles/validating24.txt" />
		<Unit filename="validatingFiles/validating25.txt" />
		<Unit filename="validatingFiles/validating26.txt" />
		<Unit filename="validatingFiles/validating27.txt" />
		<Unit filename="validatingFiles/validating28.txt" />
		<Unit filename="validatingFiles/validating29.txt" />
		<Unit filename="validatingFiles/validating3.txt" />
		<Unit filename="validatingFiles/validating30.txt" />
		<Unit filename="validatingFiles/validating31.txt" />
		<Unit filename="validatingFiles/validating32.txt" />
		<Unit filename="validatingFiles/validating33.txt" />
		<Unit filename="validatingFiles/validating34.txt" />
		<Unit filename="validatingFiles/validating35.txt" />
		<Unit filename="validatingFiles/validating36.txt" />
		<Unit filename="validatingFiles/validating37.txt" />
		<Unit filename="validatingFiles/validating38.txt" />
		<Unit filename="validatingFiles/validating39.txt" />
		<Unit filename="validatingFiles/validating4.txt" />
		<Unit filename="validatingFiles/validating40.txt" />
		<Unit filename="validatingFiles/validating41.txt" />
		<Unit filename="validatingFiles/validating42.txt" />
		<Unit filename="validatingFiles/validating43.txt" />
		<Unit filename="validatingFiles/validating44.txt" />
		<Unit filename="validatingFiles/validating45.txt" />
		<Unit filename="validatingFiles/validating46.txt" />
		<Unit filename="validatingFiles/validating47.txt" />
		<Unit filename="validatingFiles/validating48.txt" />
		<Unit filename="validatingFiles/validating49.txt" />
		<Unit filename="validatingFiles/validating5.txt" />
		<Unit filename="validatingFiles/validating50.txt" />
		<Unit filename="validatingFiles/validating51.txt" />
		<Unit filename="validatingFiles/validating52.txt" />
		<Unit filename="validatingFiles/validating53.txt" />
		<Unit filename="validatingFiles/validating54.txt" />
		<Unit filename="validatingFiles/validating55.txt" />
		<Unit filename="validatingFiles/validating56.txt" />
		<Unit filename="validatingFiles/validating57.txt" />
		<Unit filename="validatingFiles/validating58.txt" />
		<Unit filename="validatingFiles/validating59.txt" />
		<Unit filename="validatingFiles/validating6.txt" />
		<Unit filename="validatingFiles/validating60.txt" />
		<Unit filename="validatingFiles/validating61.txt" />
		<Unit filename="validatingFiles/validating62.txt" />
		<Unit filename="validatingFiles/validating63.txt" />
		<Unit filename="validatingFiles/validating64.txt" />
		<Unit filename="validatingFiles/validating65.txt" />
		<Unit filename="validatingFiles/validating66.txt" />
		<Unit filename="validatingFiles/validating67.txt" />
		<Unit filename="validatingFiles/validating68.txt" />
		<Unit filename="validatingFiles/validating69.txt" />
		<Unit filename="validatingFiles/validating7.txt" />
		<Unit filename="validatingFiles/validating70.txt" />
		<Unit filename="validatingFiles/validating71.txt" />
		<Unit filename="validatingFiles/validating72.txt" />
		<Unit filename="validatingFiles/validating73.txt" />
		<Unit filename="validatingFiles/validating74.txt" />
		<Unit filename="validatingFiles/validating75.txt" />
		<Unit filename="validatingFiles/validating76.txt" />
		<Unit filename="validatingFiles/validating77.txt" />
		<Unit filename="validatingFiles/validating78.txt" />
		<Unit filename="validatingFiles/validating79.txt" />
		<Unit filename="validatingFiles/validating8.txt" />
		<Unit filename="validatingFiles/validating80.txt" />
		<Unit filename="validatingFiles/validating81.txt" />
		<Unit filename="validatingFiles/validating82.txt" />
		<Unit filename="validatingFiles/validating83.txt" />
		<Unit filename="validatingFiles/validating84.txt" />
		<Unit filename="validatingFiles/validating85.txt" />
		<Unit filename="validatingFiles/validating86.txt" />
		<Unit filename="validatingFiles/validating87.txt" />
		<Unit filename="validatingFiles/validating88.txt" />
		<Unit filename="validatingFiles/validating89.txt" />
		<Unit filename="validatingFiles/validating9.txt" />
		<Unit filename="validatingFiles/validating90.txt" />
		<Unit filename="validatingFiles/validating91.txt" />
		<Unit filename="validatingFiles/validating92.txt" />
		<Unit filename="validatingFiles/validating93.txt" />
		<Unit filename="validatingFiles/validating94.txt" />
		<Unit filename="validatingFiles/validating95.txt" />
		<Unit filename="validatingFiles/validating96.txt" />
		<Unit filename="validatingFiles/validating97.txt" />
		<Unit filename="validatingFiles/validating98.txt" />
		<Unit filename="validatingFiles/validating99.txt" />
		<Extensions>
			<code_completion />
			<envvars />
			<debugger />
		</Extensions>
	</Project>
</CodeBlocks_project_file>
